lockfileVersion: 5.4

specifiers:
  '@types/eslint': ^8.4.10
  '@types/node': ^18.11.11
  import-cwd: ^3.0.0
  typescript: ^4.9.3

dependencies:
  import-cwd: 3.0.0

devDependencies:
  '@types/eslint': 8.4.10
  '@types/node': 18.11.11
  typescript: 4.9.3

packages:

  /@types/eslint/8.4.10:
    resolution: {integrity: sha512-Sl/HOqN8NKPmhWo2VBEPm0nvHnu2LL3v9vKo8MEq0EtbJ4eVzGPl41VNPvn5E1i5poMk4/XD8UriLHpJvEP/Nw==}
    dependencies:
      '@types/estree': 1.0.0
      '@types/json-schema': 7.0.11
    dev: true

  /@types/estree/1.0.0:
    resolution: {integrity: sha512-WulqXMDUTYAXCjZnk6JtIHPigp55cVtDgDrO2gHRwhyJto21+1zbVCtOYB2L1F9w4qCQ0rOGWBnBe0FNTiEJIQ==}
    dev: true

  /@types/json-schema/7.0.11:
    resolution: {integrity: sha512-wOuvG1SN4Us4rez+tylwwwCV1psiNVOkJeM3AUWUNWg/jDQY2+HE/444y5gc+jBmRqASOm2Oeh5c1axHobwRKQ==}
    dev: true

  /@types/node/18.11.11:
    resolution: {integrity: sha512-KJ021B1nlQUBLopzZmPBVuGU9un7WJd/W4ya7Ih02B4Uwky5Nja0yGYav2EfYIk0RR2Q9oVhf60S2XR1BCWJ2g==}
    dev: true

  /import-cwd/3.0.0:
    resolution: {integrity: sha512-4pnzH16plW+hgvRECbDWpQl3cqtvSofHWh44met7ESfZ8UZOWWddm8hEyDTqREJ9RbYHY8gi8DqmaelApoOGMg==}
    engines: {node: '>=8'}
    dependencies:
      import-from: 3.0.0
    dev: false

  /import-from/3.0.0:
    resolution: {integrity: sha512-CiuXOFFSzkU5x/CR0+z7T91Iht4CXgfCxVOFRhh2Zyhg5wOpWvvDLQUsWl+gcN+QscYBjez8hDCt85O7RLDttQ==}
    engines: {node: '>=8'}
    dependencies:
      resolve-from: 5.0.0
    dev: false

  /resolve-from/5.0.0:
    resolution: {integrity: sha512-qYg9KP24dD5qka9J47d0aVky0N+b4fTU89LN9iDnjB5waksiC49rvMB0PrUJQGoTmH50XPiqOvAjDfaijGxYZw==}
    engines: {node: '>=8'}
    dev: false

  /typescript/4.9.3:
    resolution: {integrity: sha512-CIfGzTelbKNEnLpLdGFgdyKhG23CKdKgQPOBc+OUNrkJ2vr+KSzsSV5kq5iWhEQbok+quxgGzrAtGWCyU7tHnA==}
    engines: {node: '>=4.2.0'}
    hasBin: true
    dev: true
